
Microsoft Visual Studio Solution File, Format Version 12.00
# Visual Studio Version 17
VisualStudioVersion = 17.3.32819.101
MinimumVisualStudioVersion = 10.0.40219.1
Project("{9A19103F-16F7-4668-BE54-9A1E7A4F7556}") = "Zork.Common", "Zork.Common\Zork.Common.csproj", "{8BC082C6-7B51-4011-872E-13AE4E47E040}"
EndProject
Project("{9A19103F-16F7-4668-BE54-9A1E7A4F7556}") = "Zork.Cli", "Zork\Zork.Cli.csproj", "{B9033864-5174-4C44-A650-CBD07BD2DE81}"
EndProject
Global
	GlobalSection(SolutionConfigurationPlatforms) = preSolution
		Debug|Any CPU = Debug|Any CPU
		Release|Any CPU = Release|Any CPU
	EndGlobalSection
	GlobalSection(ProjectConfigurationPlatforms) = postSolution
		{8BC082C6-7B51-4011-872E-13AE4E47E040}.Debug|Any CPU.ActiveCfg = Debug|Any CPU
		{8BC082C6-7B51-4011-872E-13AE4E47E040}.Debug|Any CPU.Build.0 = Debug|Any CPU
		{8BC082C6-7B51-4011-872E-13AE4E47E040}.Release|Any CPU.ActiveCfg = Release|Any CPU
		{8BC082C6-7B51-4011-872E-13AE4E47E040}.Release|Any CPU.Build.0 = Release|Any CPU
		{B9033864-5174-4C44-A650-CBD07BD2DE81}.Debug|Any CPU.ActiveCfg = Debug|Any CPU
		{B9033864-5174-4C44-A650-CBD07BD2DE81}.Debug|Any CPU.Build.0 = Debug|Any CPU
		{B9033864-5174-4C44-A650-CBD07BD2DE81}.Release|Any CPU.ActiveCfg = Release|Any CPU
		{B9033864-5174-4C44-A650-CBD07BD2DE81}.Release|Any CPU.Build.0 = Release|Any CPU
	EndGlobalSection
	GlobalSection(SolutionProperties) = preSolution
		HideSolutionNode = FALSE
	EndGlobalSection
	GlobalSection(ExtensibilityGlobals) = postSolution
		SolutionGuid = {0DE7EE1F-93BD-410F-B229-3C2EAC898716}
	EndGlobalSection
EndGlobal
